
Microsoft Visual Studio Solution File, Format Version 12.00
# Visual Studio Version 17
VisualStudioVersion = 17.13.35828.75 d17.13
MinimumVisualStudioVersion = 10.0.40219.1
Project("{FAE04EC0-301F-11D3-BF4B-00C04F79EFBC}") = "menu3.18", "menu3.18\menu3.18.csproj", "{43C131A0-C62D-4494-8886-D8BF1FDE9B85}"
EndProject
Global
	GlobalSection(SolutionConfigurationPlatforms) = preSolution
		Debug|Any CPU = Debug|Any CPU
		Release|Any CPU = Release|Any CPU
	EndGlobalSection
	GlobalSection(ProjectConfigurationPlatforms) = postSolution
		{43C131A0-C62D-4494-8886-D8BF1FDE9B85}.Debug|Any CPU.ActiveCfg = Debug|Any CPU
		{43C131A0-C62D-4494-8886-D8BF1FDE9B85}.Debug|Any CPU.Build.0 = Debug|Any CPU
		{43C131A0-C62D-4494-8886-D8BF1FDE9B85}.Release|Any CPU.ActiveCfg = Release|Any CPU
		{43C131A0-C62D-4494-8886-D8BF1FDE9B85}.Release|Any CPU.Build.0 = Release|Any CPU
	EndGlobalSection
	GlobalSection(SolutionProperties) = preSolution
		HideSolutionNode = FALSE
	EndGlobalSection
	GlobalSection(ExtensibilityGlobals) = postSolution
		SolutionGuid = {C1EDF34E-08B8-4819-A7D9-07B6278134DD}
	EndGlobalSection
EndGlobal
