
Microsoft Visual Studio Solution File, Format Version 12.00
# Visual Studio Version 17
VisualStudioVersion = 17.13.35828.75 d17.13
MinimumVisualStudioVersion = 10.0.40219.1
Project("{FAE04EC0-301F-11D3-BF4B-00C04F79EFBC}") = "315program", "315program\315program.csproj", "{CED042A3-DFDD-484C-8F58-593CDED84AE6}"
EndProject
Global
	GlobalSection(SolutionConfigurationPlatforms) = preSolution
		Debug|Any CPU = Debug|Any CPU
		Release|Any CPU = Release|Any CPU
	EndGlobalSection
	GlobalSection(ProjectConfigurationPlatforms) = postSolution
		{CED042A3-DFDD-484C-8F58-593CDED84AE6}.Debug|Any CPU.ActiveCfg = Debug|Any CPU
		{CED042A3-DFDD-484C-8F58-593CDED84AE6}.Debug|Any CPU.Build.0 = Debug|Any CPU
		{CED042A3-DFDD-484C-8F58-593CDED84AE6}.Release|Any CPU.ActiveCfg = Release|Any CPU
		{CED042A3-DFDD-484C-8F58-593CDED84AE6}.Release|Any CPU.Build.0 = Release|Any CPU
	EndGlobalSection
	GlobalSection(SolutionProperties) = preSolution
		HideSolutionNode = FALSE
	EndGlobalSection
	GlobalSection(ExtensibilityGlobals) = postSolution
		SolutionGuid = {4E348813-B809-43E8-A6B1-8005F18E8897}
	EndGlobalSection
EndGlobal
