
Microsoft Visual Studio Solution File, Format Version 12.00
# Visual Studio Version 17
VisualStudioVersion = 17.13.35825.156 d17.13
MinimumVisualStudioVersion = 10.0.40219.1
Project("{FAE04EC0-301F-11D3-BF4B-00C04F79EFBC}") = "myFirstProgram001", "myFirstProgram001\myFirstProgram001.csproj", "{78BDE5C8-C1FB-4BCF-B45B-F17981DE2DFF}"
EndProject
Global
	GlobalSection(SolutionConfigurationPlatforms) = preSolution
		Debug|Any CPU = Debug|Any CPU
		Release|Any CPU = Release|Any CPU
	EndGlobalSection
	GlobalSection(ProjectConfigurationPlatforms) = postSolution
		{78BDE5C8-C1FB-4BCF-B45B-F17981DE2DFF}.Debug|Any CPU.ActiveCfg = Debug|Any CPU
		{78BDE5C8-C1FB-4BCF-B45B-F17981DE2DFF}.Debug|Any CPU.Build.0 = Debug|Any CPU
		{78BDE5C8-C1FB-4BCF-B45B-F17981DE2DFF}.Release|Any CPU.ActiveCfg = Release|Any CPU
		{78BDE5C8-C1FB-4BCF-B45B-F17981DE2DFF}.Release|Any CPU.Build.0 = Release|Any CPU
	EndGlobalSection
	GlobalSection(SolutionProperties) = preSolution
		HideSolutionNode = FALSE
	EndGlobalSection
	GlobalSection(ExtensibilityGlobals) = postSolution
		SolutionGuid = {4D566E62-C59B-4D6E-A85F-234CA1143A1C}
	EndGlobalSection
EndGlobal
