
Microsoft Visual Studio Solution File, Format Version 12.00
# Visual Studio Version 17
VisualStudioVersion = 17.13.35828.75 d17.13
MinimumVisualStudioVersion = 10.0.40219.1
Project("{FAE04EC0-301F-11D3-BF4B-00C04F79EFBC}") = "ConsoleApp3", "ConsoleApp3\ConsoleApp3.csproj", "{16866291-2300-497E-B3DE-08B90BF54BEE}"
EndProject
Global
	GlobalSection(SolutionConfigurationPlatforms) = preSolution
		Debug|Any CPU = Debug|Any CPU
		Release|Any CPU = Release|Any CPU
	EndGlobalSection
	GlobalSection(ProjectConfigurationPlatforms) = postSolution
		{16866291-2300-497E-B3DE-08B90BF54BEE}.Debug|Any CPU.ActiveCfg = Debug|Any CPU
		{16866291-2300-497E-B3DE-08B90BF54BEE}.Debug|Any CPU.Build.0 = Debug|Any CPU
		{16866291-2300-497E-B3DE-08B90BF54BEE}.Release|Any CPU.ActiveCfg = Release|Any CPU
		{16866291-2300-497E-B3DE-08B90BF54BEE}.Release|Any CPU.Build.0 = Release|Any CPU
	EndGlobalSection
	GlobalSection(SolutionProperties) = preSolution
		HideSolutionNode = FALSE
	EndGlobalSection
	GlobalSection(ExtensibilityGlobals) = postSolution
		SolutionGuid = {FB196936-239D-447A-A0D5-A2942277B356}
	EndGlobalSection
EndGlobal
