
Microsoft Visual Studio Solution File, Format Version 12.00
# Visual Studio Version 17
VisualStudioVersion = 17.13.35828.75 d17.13
MinimumVisualStudioVersion = 10.0.40219.1
Project("{FAE04EC0-301F-11D3-BF4B-00C04F79EFBC}") = "3.12textprogram", "3.12textprogram.csproj", "{0207D4C3-3E3B-4B36-AFEC-0E26E1B4D122}"
EndProject
Global
	GlobalSection(SolutionConfigurationPlatforms) = preSolution
		Debug|Any CPU = Debug|Any CPU
		Release|Any CPU = Release|Any CPU
	EndGlobalSection
	GlobalSection(ProjectConfigurationPlatforms) = postSolution
		{0207D4C3-3E3B-4B36-AFEC-0E26E1B4D122}.Debug|Any CPU.ActiveCfg = Debug|Any CPU
		{0207D4C3-3E3B-4B36-AFEC-0E26E1B4D122}.Debug|Any CPU.Build.0 = Debug|Any CPU
		{0207D4C3-3E3B-4B36-AFEC-0E26E1B4D122}.Release|Any CPU.ActiveCfg = Release|Any CPU
		{0207D4C3-3E3B-4B36-AFEC-0E26E1B4D122}.Release|Any CPU.Build.0 = Release|Any CPU
	EndGlobalSection
	GlobalSection(SolutionProperties) = preSolution
		HideSolutionNode = FALSE
	EndGlobalSection
	GlobalSection(ExtensibilityGlobals) = postSolution
		SolutionGuid = {CDC8A873-0F02-4048-A38A-48263BC924F5}
	EndGlobalSection
EndGlobal
