
Microsoft Visual Studio Solution File, Format Version 12.00
# Visual Studio Version 17
VisualStudioVersion = 17.13.35825.156 d17.13
MinimumVisualStudioVersion = 10.0.40219.1
Project("{FAE04EC0-301F-11D3-BF4B-00C04F79EFBC}") = "学生信息系统", "学生信息系统\学生信息系统.csproj", "{1C2CB1AA-2137-4325-BADE-D2A8EA276DA9}"
EndProject
Global
	GlobalSection(SolutionConfigurationPlatforms) = preSolution
		Debug|Any CPU = Debug|Any CPU
		Release|Any CPU = Release|Any CPU
	EndGlobalSection
	GlobalSection(ProjectConfigurationPlatforms) = postSolution
		{1C2CB1AA-2137-4325-BADE-D2A8EA276DA9}.Debug|Any CPU.ActiveCfg = Debug|Any CPU
		{1C2CB1AA-2137-4325-BADE-D2A8EA276DA9}.Debug|Any CPU.Build.0 = Debug|Any CPU
		{1C2CB1AA-2137-4325-BADE-D2A8EA276DA9}.Release|Any CPU.ActiveCfg = Release|Any CPU
		{1C2CB1AA-2137-4325-BADE-D2A8EA276DA9}.Release|Any CPU.Build.0 = Release|Any CPU
	EndGlobalSection
	GlobalSection(SolutionProperties) = preSolution
		HideSolutionNode = FALSE
	EndGlobalSection
	GlobalSection(ExtensibilityGlobals) = postSolution
		SolutionGuid = {75089AC2-F8F0-4E4B-A56B-5F0D7716A5D6}
	EndGlobalSection
EndGlobal
